
Microsoft Visual Studio Solution File, Format Version 12.00
# Visual Studio Version 17
VisualStudioVersion = 17.5.33414.496
MinimumVisualStudioVersion = 10.0.40219.1
Project("{FAE04EC0-301F-11D3-BF4B-00C04F79EFBC}") = "OnlineLearningWeb", "OnlineLearningWeb\OnlineLearningWeb.csproj", "{D15A2026-C036-435B-A268-337218291F40}"
EndProject
Global
	GlobalSection(SolutionConfigurationPlatforms) = preSolution
		Debug|Any CPU = Debug|Any CPU
		Release|Any CPU = Release|Any CPU
	EndGlobalSection
	GlobalSection(ProjectConfigurationPlatforms) = postSolution
		{D15A2026-C036-435B-A268-337218291F40}.Debug|Any CPU.ActiveCfg = Debug|Any CPU
		{D15A2026-C036-435B-A268-337218291F40}.Debug|Any CPU.Build.0 = Debug|Any CPU
		{D15A2026-C036-435B-A268-337218291F40}.Release|Any CPU.ActiveCfg = Release|Any CPU
		{D15A2026-C036-435B-A268-337218291F40}.Release|Any CPU.Build.0 = Release|Any CPU
	EndGlobalSection
	GlobalSection(SolutionProperties) = preSolution
		HideSolutionNode = FALSE
	EndGlobalSection
	GlobalSection(ExtensibilityGlobals) = postSolution
		SolutionGuid = {D31C08EE-B216-4DC7-9DDE-A688AFF491C9}
	EndGlobalSection
EndGlobal
